# This file is automatically @generated by Poetry 1.8.3 and should not be changed by hand.

[[package]]
name = "appdirs"
version = "1.4.4"
description = "A small Python module for determining appropriate platform-specific dirs, e.g. a \"user data dir\"."
optional = false
python-versions = "*"
files = [
    {file = "appdirs-1.4.4-py2.py3-none-any.whl", hash = "sha256:a841dacd6b99318a741b166adb07e19ee71a274450e68237b4650ca1055ab128"},
    {file = "appdirs-1.4.4.tar.gz", hash = "sha256:7d5d0167b2b1ba821647616af46a749d1c653740dd0d2415100fe26e27afdf41"},
]

[[package]]
name = "argparse"
version = "1.4.0"
description = "Python command-line parsing library"
optional = false
python-versions = "*"
files = [
    {file = "argparse-1.4.0-py2.py3-none-any.whl", hash = "sha256:c31647edb69fd3d465a847ea3157d37bed1f95f19760b11a47aa91c04b666314"},
    {file = "argparse-1.4.0.tar.gz", hash = "sha256:62b089a55be1d8949cd2bc7e0df0bddb9e028faefc8c32038cc84862aefdd6e4"},
]

[[package]]
name = "click"
version = "8.3.1"
description = "Composable command line interface toolkit"
optional = false
python-versions = ">=3.10"
files = [
    {file = "click-8.3.1-py3-none-any.whl", hash = "sha256:981153a64e25f12d547d3426c367a4857371575ee7ad18df2a6183ab0545b2a6"},
    {file = "click-8.3.1.tar.gz", hash = "sha256:12ff4785d337a1bb490bb7e9c2b1ee5da3112e94a8622f26a6c77f5d2fc6842a"},
]

[package.dependencies]
colorama = {version = "*", markers = "platform_system == \"Windows\""}

[[package]]
name = "colorama"
version = "0.4.6"
description = "Cross-platform colored terminal text."
optional = false
python-versions = "!=3.0.*,!=3.1.*,!=3.2.*,!=3.3.*,!=3.4.*,!=3.5.*,!=3.6.*,>=2.7"
files = [
    {file = "colorama-0.4.6-py2.py3-none-any.whl", hash = "sha256:4f1d9991f5acc0ca119f9d443620b77f9d6b33703e51011c16baf57afb285fc6"},
    {file = "colorama-0.4.6.tar.gz", hash = "sha256:08695f5cb7ed6e0531a20572697297273c47b8cae5a63ffc6d6ed5c201be6e44"},
]

[[package]]
name = "gitdb"
version = "4.0.12"
description = "Git Object Database"
optional = false
python-versions = ">=3.7"
files = [
    {file = "gitdb-4.0.12-py3-none-any.whl", hash = "sha256:67073e15955400952c6565cc3e707c554a4eea2e428946f7a4c162fab9bd9bcf"},
    {file = "gitdb-4.0.12.tar.gz", hash = "sha256:5ef71f855d191a3326fcfbc0d5da835f26b13fbcba60c32c21091c349ffdb571"},
]

[package.dependencies]
smmap = ">=3.0.1,<6"

[[package]]
name = "gitpython"
version = "3.1.46"
description = "GitPython is a Python library used to interact with Git repositories"
optional = false
python-versions = ">=3.7"
files = [
    {file = "gitpython-3.1.46-py3-none-any.whl", hash = "sha256:79812ed143d9d25b6d176a10bb511de0f9c67b1fa641d82097b0ab90398a2058"},
    {file = "gitpython-3.1.46.tar.gz", hash = "sha256:400124c7d0ef4ea03f7310ac2fbf7151e09ff97f2a3288d64a440c584a29c37f"},
]

[package.dependencies]
gitdb = ">=4.0.1,<5"

[package.extras]
doc = ["sphinx (>=7.1.2,<7.2)", "sphinx-autodoc-typehints", "sphinx_rtd_theme"]
test = ["coverage[toml]", "ddt (>=1.1.1,!=1.4.3)", "mock", "mypy (==1.18.2)", "pre-commit", "pytest (>=7.3.1)", "pytest-cov", "pytest-instafail", "pytest-mock", "pytest-sugar", "typing-extensions"]

[[package]]
name = "iniconfig"
version = "2.3.0"
description = "brain-dead simple config-ini parsing"
optional = false
python-versions = ">=3.10"
files = [
    {file = "iniconfig-2.3.0-py3-none-any.whl", hash = "sha256:f631c04d2c48c52b84d0d0549c99ff3859c98df65b3101406327ecc7d53fbf12"},
    {file = "iniconfig-2.3.0.tar.gz", hash = "sha256:c76315c77db068650d49c5b56314774a7804df16fee4402c1f19d6d15d8c4730"},
]

[[package]]
name = "jedi"
version = "0.19.2"
description = "An autocompletion tool for Python that can be used for text editors."
optional = false
python-versions = ">=3.6"
files = [
    {file = "jedi-0.19.2-py2.py3-none-any.whl", hash = "sha256:a8ef22bde8490f57fe5c7681a3c83cb58874daf72b4784de3cce5b6ef6edb5b9"},
    {file = "jedi-0.19.2.tar.gz", hash = "sha256:4770dc3de41bde3966b02eb84fbcf557fb33cce26ad23da12c742fb50ecb11f0"},
]

[package.dependencies]
parso = ">=0.8.4,<0.9.0"

[package.extras]
docs = ["Jinja2 (==2.11.3)", "MarkupSafe (==1.1.1)", "Pygments (==2.8.1)", "alabaster (==0.7.12)", "babel (==2.9.1)", "chardet (==4.0.0)", "commonmark (==0.8.1)", "docutils (==0.17.1)", "future (==0.18.2)", "idna (==2.10)", "imagesize (==1.2.0)", "mock (==1.0.1)", "packaging (==20.9)", "pyparsing (==2.4.7)", "pytz (==2021.1)", "readthedocs-sphinx-ext (==2.1.4)", "recommonmark (==0.5.0)", "requests (==2.25.1)", "six (==1.15.0)", "snowballstemmer (==2.1.0)", "sphinx (==1.8.5)", "sphinx-rtd-theme (==0.4.3)", "sphinxcontrib-serializinghtml (==1.1.4)", "sphinxcontrib-websupport (==1.2.4)", "urllib3 (==1.26.4)"]
qa = ["flake8 (==5.0.4)", "mypy (==0.971)", "types-setuptools (==67.2.0.1)"]
testing = ["Django", "attrs", "colorama", "docopt", "pytest (<9.0.0)"]

[[package]]
name = "markdown-it-py"
version = "4.0.0"
description = "Python port of markdown-it. Markdown parsing, done right!"
optional = false
python-versions = ">=3.10"
files = [
    {file = "markdown_it_py-4.0.0-py3-none-any.whl", hash = "sha256:87327c59b172c5011896038353a81343b6754500a08cd7a4973bb48c6d578147"},
    {file = "markdown_it_py-4.0.0.tar.gz", hash = "sha256:cb0a2b4aa34f932c007117b194e945bd74e0ec24133ceb5bac59009cda1cb9f3"},
]

[package.dependencies]
mdurl = ">=0.1,<1.0"

[package.extras]
benchmarking = ["psutil", "pytest", "pytest-benchmark"]
compare = ["commonmark (>=0.9,<1.0)", "markdown (>=3.4,<4.0)", "markdown-it-pyrs", "mistletoe (>=1.0,<2.0)", "mistune (>=3.0,<4.0)", "panflute (>=2.3,<3.0)"]
linkify = ["linkify-it-py (>=1,<3)"]
plugins = ["mdit-py-plugins (>=0.5.0)"]
profiling = ["gprof2dot"]
rtd = ["ipykernel", "jupyter_sphinx", "mdit-py-plugins (>=0.5.0)", "myst-parser", "pyyaml", "sphinx", "sphinx-book-theme (>=1.0,<2.0)", "sphinx-copybutton", "sphinx-design"]
testing = ["coverage", "pytest", "pytest-cov", "pytest-regressions", "requests"]

[[package]]
name = "mdurl"
version = "0.1.2"
description = "Markdown URL utilities"
optional = false
python-versions = ">=3.7"
files = [
    {file = "mdurl-0.1.2-py3-none-any.whl", hash = "sha256:84008a41e51615a49fc9966191ff91509e3c40b939176e643fd50a5c2196b8f8"},
    {file = "mdurl-0.1.2.tar.gz", hash = "sha256:bb413d29f5eea38f31dd4754dd7377d4465116fb207585f97bf925588687c1ba"},
]

[[package]]
name = "packaging"
version = "26.0"
description = "Core utilities for Python packages"
optional = false
python-versions = ">=3.8"
files = [
    {file = "packaging-26.0-py3-none-any.whl", hash = "sha256:b36f1fef9334a5588b4166f8bcd26a14e521f2b55e6b9de3aaa80d3ff7a37529"},
    {file = "packaging-26.0.tar.gz", hash = "sha256:00243ae351a257117b6a241061796684b084ed1c516a08c48a3f7e147a9d80b4"},
]

[[package]]
name = "parso"
version = "0.8.5"
description = "A Python Parser"
optional = false
python-versions = ">=3.6"
files = [
    {file = "parso-0.8.5-py2.py3-none-any.whl", hash = "sha256:646204b5ee239c396d040b90f9e272e9a8017c630092bf59980beb62fd033887"},
    {file = "parso-0.8.5.tar.gz", hash = "sha256:034d7354a9a018bdce352f48b2a8a450f05e9d6ee85db84764e9b6bd96dafe5a"},
]

[package.extras]
qa = ["flake8 (==5.0.4)", "mypy (==0.971)", "types-setuptools (==67.2.0.1)"]
testing = ["docopt", "pytest"]

[[package]]
name = "pathlib"
version = "1.0.1"
description = "Object-oriented filesystem paths"
optional = false
python-versions = "*"
files = [
    {file = "pathlib-1.0.1-py3-none-any.whl", hash = "sha256:f35f95ab8b0f59e6d354090350b44a80a80635d22efdedfa84c7ad1cf0a74147"},
    {file = "pathlib-1.0.1.tar.gz", hash = "sha256:6940718dfc3eff4258203ad5021090933e5c04707d5ca8cc9e73c94a7894ea9f"},
]

[[package]]
name = "pendulum"
version = "3.2.0"
description = "Python datetimes made easy"
optional = false
python-versions = ">=3.9"
files = [
    {file = "pendulum-3.2.0-cp310-cp310-macosx_10_12_x86_64.whl", hash = "sha256:4a6bf778c6b42830b001c714dae5b9dad78da38e2e08203a4b0f5d53f8fa5e63"},
    {file = "pendulum-3.2.0-cp310-cp310-macosx_11_0_arm64.whl", hash = "sha256:625209bb7133d990905e8935e1c04f0a82315ae777b67910969b16f665d62c0b"},
    {file = "pendulum-3.2.0-cp310-cp310-manylinux_2_17_aarch64.manylinux2014_aarch64.whl", hash = "sha256:b6f1d8641e8bd48b9b6f77f96fd498d3ecec63611ba8e7207e63936307846042"},
    {file = "pendulum-3.2.0-cp310-cp310-manylinux_2_17_ppc64le.manylinux2014_ppc64le.whl", hash = "sha256:3a8d4212b1577ee3a034d18b360a9afa55bfc72789aeb805353be8b2ac132035"},
    {file = "pendulum-3.2.0-cp310-cp310-manylinux_2_17_s390x.manylinux2014_s390x.whl", hash = "sha256:e398d9e3db42d17f0c2cd39663c1c873ea6f11763ed6d126e2dcc92fc340d0dc"},
    {file = "pendulum-3.2.0-cp310-cp310-manylinux_2_17_x86_64.manylinux2014_x86_64.whl", hash = "sha256:04310463879a8d84534756ef9820d433e88b879203b6e10a5b416899dc05e7f1"},
    {file = "pendulum-3.2.0-cp310-cp310-musllinux_1_1_aarch64.whl", hash = "sha256:5b4f7491951c11bbdb20893817352c9140d31d1ae333839c34c0bca081a50a86"},
    {file = "pendulum-3.2.0-cp310-cp310-musllinux_1_1_x86_64.whl", hash = "sha256:ffc169ad7595228d4dfc44d4e016846ff1bb5873b9f7ec70b0b1b51da0c77b3f"},
    {file = "pendulum-3.2.0-cp310-cp310-win_amd64.whl", hash = "sha256:446f63d84ef21281844ceb45141536d3aabe291a821b6505e21a0d0e3ea95d67"},
    {file = "pendulum-3.2.0-cp311-cp311-macosx_10_12_x86_64.whl", hash = "sha256:5d775cc608c909ad415c8e789c84a9f120bb6a794c4215b2d8d910893cf0ec6a"},
    {file = "pendulum-3.2.0-cp311-cp311-macosx_11_0_arm64.whl", hash = "sha256:8de794a7f665aebc8c1ba4dd4b05ab8fe1a36ce9c0498366adf1d1edd79b2686"},
    {file = "pendulum-3.2.0-cp311-cp311-manylinux_2_17_aarch64.manylinux2014_aarch64.whl", hash = "sha256:7bac7df7696e1c942e17c0556b3a7bcdd1d7aa5b24faee7620cb071e754a0622"},
    {file = "pendulum-3.2.0-cp311-cp311-manylinux_2_17_ppc64le.manylinux2014_ppc64le.whl", hash = "sha256:db0f6a8a04475d9cba26ce701e7d66d266fd97227f2f5f499270eba04be1c7e9"},
    {file = "pendulum-3.2.0-cp311-cp311-manylinux_2_17_s390x.manylinux2014_s390x.whl", hash = "sha256:c352c63c1ff05f2198409b28498d7158547a8be23e1fbd4aa2cf5402fb239b55"},
    {file = "pendulum-3.2.0-cp311-cp311-manylinux_2_17_x86_64.manylinux2014_x86_64.whl", hash = "sha256:de8c1ad1d1aa7d4ceae341528bab35a0f8c88a5aa63f2f5d84e16b517d1b32c2"},
    {file = "pendulum-3.2.0-cp311-cp311-musllinux_1_1_aarch64.whl", hash = "sha256:1ba955511c12fec2252038b0c866c25c0c30b720bf74d3023710f121e42b1498"},
    {file = "pendulum-3.2.0-cp311-cp311-musllinux_1_1_x86_64.whl", hash = "sha256:4115bf364a2ec6d5ddc476751ceaa4164a04f2c15589f0d29aa210ddb784b15d"},
    {file = "pendulum-3.2.0-cp311-cp311-win_amd64.whl", hash = "sha256:4151a903356413fdd9549de0997b708fb95a214ed97803ffb479ffd834088378"},
    {file = "pendulum-3.2.0-cp311-cp311-win_arm64.whl", hash = "sha256:acfdee9ddc56053cb7c8c075afbfde0857322d09e56a56195b9cd127fae87e4c"},
    {file = "pendulum-3.2.0-cp312-cp312-macosx_10_12_x86_64.whl", hash = "sha256:bf0b489def51202a39a2a665dcc4162d5e46934a740fe4c4fe3068979610156c"},
    {file = "pendulum-3.2.0-cp312-cp312-macosx_11_0_arm64.whl", hash = "sha256:937a529aa302efa18dcf25e53834964a87ffb2df8f80e3669ab7757a6126beaf"},
    {file = "pendulum-3.2.0-cp312-cp312-manylinux_2_17_aarch64.manylinux2014_aarch64.whl", hash = "sha256:85c7689defc65c4dc29bf257f7cca55d210fabb455de9476e1748d2ab2ae80d7"},
    {file = "pendulum-3.2.0-cp312-cp312-manylinux_2_17_ppc64le.manylinux2014_ppc64le.whl", hash = "sha256:d5e216e5a412563ea2ecf5de467dcf3d02717947fcdabe6811d5ee360726b02b"},
    {file = "pendulum-3.2.0-cp312-cp312-manylinux_2_17_s390x.manylinux2014_s390x.whl", hash = "sha256:3a2af22eeec438fbaac72bb7fba783e0950a514fba980d9a32db394b51afccec"},
    {file = "pendulum-3.2.0-cp312-cp312-manylinux_2_17_x86_64.manylinux2014_x86_64.whl", hash = "sha256:3159cceb54f5aa8b85b141c7f0ce3fac8bdd1ffdc7c79e67dca9133eac7c4d11"},
    {file = "pendulum-3.2.0-cp312-cp312-musllinux_1_1_aarch64.whl", hash = "sha256:c39ea5e9ffa20ea8bae986d00e0908bd537c8468b71d6b6503ab0b4c3d76e0ea"},
    {file = "pendulum-3.2.0-cp312-cp312-musllinux_1_1_x86_64.whl", hash = "sha256:e5afc753e570cce1f44197676371f68953f7d4f022303d141bb09f804d5fe6d7"},
    {file = "pendulum-3.2.0-cp312-cp312-win_amd64.whl", hash = "sha256:fd55c12560816d9122ca2142d9e428f32c0c083bf77719320b1767539c7a3a3b"},
    {file = "pendulum-3.2.0-cp312-cp312-win_arm64.whl", hash = "sha256:faef52a7ed99729f0838353b956f3fabf6c550c062db247e9e2fc2b48fcb9457"},
    {file = "pendulum-3.2.0-cp313-cp313-macosx_10_12_x86_64.whl", hash = "sha256:addb0512f919fe5b70c8ee534ee71c775630d3efe567ea5763d92acff857cfc3"},
    {file = "pendulum-3.2.0-cp313-cp313-macosx_11_0_arm64.whl", hash = "sha256:3aaa50342dc174acebdc21089315012e63789353957b39ac83cac9f9fc8d1075"},
    {file = "pendulum-3.2.0-cp313-cp313-manylinux_2_17_aarch64.manylinux2014_aarch64.whl", hash = "sha256:927e9c9ab52ff68e71b76dd410e5f1cd78f5ea6e7f0a9f5eb549aea16a4d5354"},
    {file = "pendulum-3.2.0-cp313-cp313-manylinux_2_17_ppc64le.manylinux2014_ppc64le.whl", hash = "sha256:249d18f5543c9f43aba3bd77b34864ec8cf6f64edbead405f442e23c94fce63d"},
    {file = "pendulum-3.2.0-cp313-cp313-manylinux_2_17_s390x.manylinux2014_s390x.whl", hash = "sha256:7c644cc15eec5fb02291f0f193195156780fd5a0affd7a349592403826d1a35e"},
    {file = "pendulum-3.2.0-cp313-cp313-manylinux_2_17_x86_64.manylinux2014_x86_64.whl", hash = "sha256:063ab61af953bb56ad5bc8e131fd0431c915ed766d90ccecd7549c8090b51004"},
    {file = "pendulum-3.2.0-cp313-cp313-musllinux_1_1_aarch64.whl", hash = "sha256:26a3ae26c9dd70a4256f1c2f51addc43641813574c0db6ce5664f9861cd93621"},
    {file = "pendulum-3.2.0-cp313-cp313-musllinux_1_1_x86_64.whl", hash = "sha256:2b10d91dc00f424444a42f47c69e6b3bfd79376f330179dc06bc342184b35f9a"},
    {file = "pendulum-3.2.0-cp313-cp313-win_amd64.whl", hash = "sha256:63070ff03e30a57b16c8e793ee27da8dac4123c1d6e0cf74c460ce9ee8a64aa4"},
    {file = "pendulum-3.2.0-cp313-cp313-win_arm64.whl", hash = "sha256:c8dde63e2796b62070a49ce813ce200aba9186130307f04ec78affcf6c2e8122"},
    {file = "pendulum-3.2.0-cp314-cp314-macosx_10_12_x86_64.whl", hash = "sha256:c17ac069e88c5a1e930a5ae0ef17357a14b9cc5a28abadda74eaa8106d241c8e"},
    {file = "pendulum-3.2.0-cp314-cp314-macosx_11_0_arm64.whl", hash = "sha256:e1fbb540edecb21f8244aebfb05a1f2333ddc6c7819378c099d4a61cc91ae93c"},
    {file = "pendulum-3.2.0-cp314-cp314-manylinux_2_17_aarch64.manylinux2014_aarch64.whl", hash = "sha256:a8c67fb9a1fe8fc1adae2cc01b0c292b268c12475b4609ff4aed71c9dd367b4d"},
    {file = "pendulum-3.2.0-cp314-cp314-manylinux_2_17_ppc64le.manylinux2014_ppc64le.whl", hash = "sha256:baa9a66c980defda6cfe1275103a94b22e90d83ebd7a84cc961cee6cbd25a244"},
    {file = "pendulum-3.2.0-cp314-cp314-manylinux_2_17_s390x.manylinux2014_s390x.whl", hash = "sha256:ef8f783fa7a14973b0596d8af2a5b2d90858a55030e9b4c6885eb4284b88314f"},
    {file = "pendulum-3.2.0-cp314-cp314-manylinux_2_17_x86_64.manylinux2014_x86_64.whl", hash = "sha256:a7d2e9bfb065727d8676e7ada3793b47a24349500a5e9637404355e482c822be"},
    {file = "pendulum-3.2.0-cp314-cp314-musllinux_1_1_aarch64.whl", hash = "sha256:55d7ba6bb74171c3ee409bf30076ee3a259a3c2bb147ac87ebb76aaa3cf5d3a2"},
    {file = "pendulum-3.2.0-cp314-cp314-musllinux_1_1_x86_64.whl", hash = "sha256:a50d8cf42f06d3d8c3f8bb2a7ac47fa93b5145e69de6a7209be6a47afdd9cf76"},
    {file = "pendulum-3.2.0-cp314-cp314-win_amd64.whl", hash = "sha256:e5bbb92b155cd5018b3cf70ee49ed3b9c94398caaaa7ed97fe41e5bb5a968418"},
    {file = "pendulum-3.2.0-cp314-cp314-win_arm64.whl", hash = "sha256:d53134418e04335c3029a32e9341cccc9b085a28744fb5ee4e6a8f5039363b1a"},
    {file = "pendulum-3.2.0-cp39-cp39-macosx_10_12_x86_64.whl", hash = "sha256:70214f30114ee6de09b0abbb90e74f68682f194485200897930125de36024c21"},
    {file = "pendulum-3.2.0-cp39-cp39-macosx_11_0_arm64.whl", hash = "sha256:d3cad6be303b4b9737f629191b73920e0e4c2fe1fbd5813b7a19b05f29d09a1c"},
    {file = "pendulum-3.2.0-cp39-cp39-manylinux_2_17_aarch64.manylinux2014_aarch64.whl", hash = "sha256:2dd31fd46aa8fceaff5de674b8d57b0b659753986cb78fa9e24368da7f8e4eec"},
    {file = "pendulum-3.2.0-cp39-cp39-manylinux_2_17_ppc64le.manylinux2014_ppc64le.whl", hash = "sha256:ce87750e0a644e8ddafa3e9437f0ff35af8d17eb5c77824864246ccf6b44d24a"},
    {file = "pendulum-3.2.0-cp39-cp39-manylinux_2_17_s390x.manylinux2014_s390x.whl", hash = "sha256:326ef1baa8657c9c4aead5c4eac06a46355ba4e338816153e2929b0b548554b5"},
    {file = "pendulum-3.2.0-cp39-cp39-manylinux_2_17_x86_64.manylinux2014_x86_64.whl", hash = "sha256:f00d033fe9b31c41deb6484f36a788b99b936cf8d10a994784e809a59b72d7db"},
    {file = "pendulum-3.2.0-cp39-cp39-musllinux_1_1_aarch64.whl", hash = "sha256:86029fd802c5650f2cbef3f9302608325a676d3a883d6a5782bc855e5d03918b"},
    {file = "pendulum-3.2.0-cp39-cp39-musllinux_1_1_x86_64.whl", hash = "sha256:dfbcd7a2a5ebabf5abaf07062555cd7bef9a472a6aa5281a6302afe66a481561"},
    {file = "pendulum-3.2.0-cp39-cp39-win_amd64.whl", hash = "sha256:38a300df5a82ebea8634a1aed3d98c92968ba856d2ca7ba2acf7228f0e0e99af"},
    {file = "pendulum-3.2.0-pp311-pypy311_pp73-macosx_10_12_x86_64.whl", hash = "sha256:9585594d32faa71efa5a78f576f1ee4f79e9c5340d7c6f0cd6c5dfe725effaaa"},
    {file = "pendulum-3.2.0-pp311-pypy311_pp73-macosx_11_0_arm64.whl", hash = "sha256:26401e2de77c437e8f3b6160c08c6c5d45518d906f8f9b48fd7cb5aa0f4e2aff"},
    {file = "pendulum-3.2.0-pp311-pypy311_pp73-manylinux_2_17_aarch64.manylinux2014_aarch64.whl", hash = "sha256:637e65af042f383a2764a886aa28ccc6f853bf7a142df18e41c720542934c13b"},
    {file = "pendulum-3.2.0-pp311-pypy311_pp73-manylinux_2_17_x86_64.manylinux2014_x86_64.whl", hash = "sha256:d6e46c28f4d067233c4a4c42748f4ffa641d9289c09e0e81488beb6d4b3fab51"},
    {file = "pendulum-3.2.0-pp311-pypy311_pp73-musllinux_1_1_aarch64.whl", hash = "sha256:71d46bcc86269f97bfd8c5f1475d55e717696a0a010b1871023605ca94624031"},
    {file = "pendulum-3.2.0-pp311-pypy311_pp73-musllinux_1_1_x86_64.whl", hash = "sha256:5cd956d4176afc7bfe8a91bf3f771b46ff8d326f6c5bf778eb5010eb742ebba6"},
    {file = "pendulum-3.2.0-pp311-pypy311_pp73-win_amd64.whl", hash = "sha256:39ef129d7b90aab49708645867abdd207b714ba7bff12dae549975b0aca09716"},
    {file = "pendulum-3.2.0-py3-none-any.whl", hash = "sha256:f3a9c18a89b4d9ef39c5fa6a78722aaff8d5be2597c129a3b16b9f40a561acf3"},
    {file = "pendulum-3.2.0.tar.gz", hash = "sha256:e80feda2d10fa3ff8b1526715f7d33dcb7e08494b3088f2c8a3ac92d4a4331ce"},
]

[package.dependencies]
python-dateutil = ">=2.6"
tzdata = ">=2020.1"

[package.extras]
test = ["time-machine (>=2.6.0,<3.0.0)"]

[[package]]
name = "pluggy"
version = "1.6.0"
description = "plugin and hook calling mechanisms for python"
optional = false
python-versions = ">=3.9"
files = [
    {file = "pluggy-1.6.0-py3-none-any.whl", hash = "sha256:e920276dd6813095e9377c0bc5566d94c932c33b27a3e3945d8389c374dd4746"},
    {file = "pluggy-1.6.0.tar.gz", hash = "sha256:7dcc130b76258d33b90f61b658791dede3486c3e6bfb003ee5c9bfb396dd22f3"},
]

[package.extras]
dev = ["pre-commit", "tox"]
testing = ["coverage", "pytest", "pytest-benchmark"]

[[package]]
name = "prompt-toolkit"
version = "3.0.52"
description = "Library for building powerful interactive command lines in Python"
optional = false
python-versions = ">=3.8"
files = [
    {file = "prompt_toolkit-3.0.52-py3-none-any.whl", hash = "sha256:9aac639a3bbd33284347de5ad8d68ecc044b91a762dc39b7c21095fcd6a19955"},
    {file = "prompt_toolkit-3.0.52.tar.gz", hash = "sha256:28cde192929c8e7321de85de1ddbe736f1375148b02f2e17edd840042b1be855"},
]

[package.dependencies]
wcwidth = "*"

[[package]]
name = "ptpython"
version = "3.0.32"
description = "Python REPL build on top of prompt_toolkit"
optional = false
python-versions = ">=3.8"
files = [
    {file = "ptpython-3.0.32-py3-none-any.whl", hash = "sha256:16435d323e5fc0a685d5f4dc5bb4494fb68ac68736689cd1247e1eda9369b616"},
    {file = "ptpython-3.0.32.tar.gz", hash = "sha256:11651778236de95c582b42737294e50a66ba4a21fa01c0090ea70815af478fe0"},
]

[package.dependencies]
appdirs = "*"
jedi = ">=0.16.0"
prompt_toolkit = ">=3.0.43,<3.1.0"
pygments = "*"

[package.extras]
ptipython = ["ipython"]

[[package]]
name = "pygments"
version = "2.19.2"
description = "Pygments is a syntax highlighting package written in Python."
optional = false
python-versions = ">=3.8"
files = [
    {file = "pygments-2.19.2-py3-none-any.whl", hash = "sha256:86540386c03d588bb81d44bc3928634ff26449851e99741617ecb9037ee5ec0b"},
    {file = "pygments-2.19.2.tar.gz", hash = "sha256:636cb2477cec7f8952536970bc533bc43743542f70392ae026374600add5b887"},
]

[package.extras]
windows-terminal = ["colorama (>=0.4.6)"]

[[package]]
name = "pytest"
version = "7.4.4"
description = "pytest: simple powerful testing with Python"
optional = false
python-versions = ">=3.7"
files = [
    {file = "pytest-7.4.4-py3-none-any.whl", hash = "sha256:b090cdf5ed60bf4c45261be03239c2c1c22df034fbffe691abe93cd80cea01d8"},
    {file = "pytest-7.4.4.tar.gz", hash = "sha256:2cf0005922c6ace4a3e2ec8b4080eb0d9753fdc93107415332f50ce9e7994280"},
]

[package.dependencies]
colorama = {version = "*", markers = "sys_platform == \"win32\""}
iniconfig = "*"
packaging = "*"
pluggy = ">=0.12,<2.0"

[package.extras]
testing = ["argcomplete", "attrs (>=19.2.0)", "hypothesis (>=3.56)", "mock", "nose", "pygments (>=2.7.2)", "requests", "setuptools", "xmlschema"]

[[package]]
name = "python-dateutil"
version = "2.9.0.post0"
description = "Extensions to the standard Python datetime module"
optional = false
python-versions = "!=3.0.*,!=3.1.*,!=3.2.*,>=2.7"
files = [
    {file = "python-dateutil-2.9.0.post0.tar.gz", hash = "sha256:37dd54208da7e1cd875388217d5e00ebd4179249f90fb72437e91a35459a0ad3"},
    {file = "python_dateutil-2.9.0.post0-py2.py3-none-any.whl", hash = "sha256:a8b2bc7bffae282281c8140a97d3aa9c14da0b136dfe83f850eea9a5f7470427"},
]

[package.dependencies]
six = ">=1.5"

[[package]]
name = "rich"
version = "14.3.2"
description = "Render rich text, tables, progress bars, syntax highlighting, markdown and more to the terminal"
optional = false
python-versions = ">=3.8.0"
files = [
    {file = "rich-14.3.2-py3-none-any.whl", hash = "sha256:08e67c3e90884651da3239ea668222d19bea7b589149d8014a21c633420dbb69"},
    {file = "rich-14.3.2.tar.gz", hash = "sha256:e712f11c1a562a11843306f5ed999475f09ac31ffb64281f73ab29ffdda8b3b8"},
]

[package.dependencies]
markdown-it-py = ">=2.2.0"
pygments = ">=2.13.0,<3.0.0"

[package.extras]
jupyter = ["ipywidgets (>=7.5.1,<9)"]

[[package]]
name = "shellingham"
version = "1.5.4"
description = "Tool to Detect Surrounding Shell"
optional = false
python-versions = ">=3.7"
files = [
    {file = "shellingham-1.5.4-py2.py3-none-any.whl", hash = "sha256:7ecfff8f2fd72616f7481040475a65b2bf8af90a56c89140852d1120324e8686"},
    {file = "shellingham-1.5.4.tar.gz", hash = "sha256:8dbca0739d487e5bd35ab3ca4b36e11c4078f3a234bfce294b0a0291363404de"},
]

[[package]]
name = "six"
version = "1.17.0"
description = "Python 2 and 3 compatibility utilities"
optional = false
python-versions = "!=3.0.*,!=3.1.*,!=3.2.*,>=2.7"
files = [
    {file = "six-1.17.0-py2.py3-none-any.whl", hash = "sha256:4721f391ed90541fddacab5acf947aa0d3dc7d27b2e1e8eda2be8970586c3274"},
    {file = "six-1.17.0.tar.gz", hash = "sha256:ff70335d468e7eb6ec65b95b99d3a2836546063f63acc5171de367e834932a81"},
]

[[package]]
name = "smmap"
version = "5.0.2"
description = "A pure Python implementation of a sliding window memory map manager"
optional = false
python-versions = ">=3.7"
files = [
    {file = "smmap-5.0.2-py3-none-any.whl", hash = "sha256:b30115f0def7d7531d22a0fb6502488d879e75b260a9db4d0819cfb25403af5e"},
    {file = "smmap-5.0.2.tar.gz", hash = "sha256:26ea65a03958fa0c8a1c7e8c7a58fdc77221b8910f6be2131affade476898ad5"},
]

[[package]]
name = "typer"
version = "0.12.5"
description = "Typer, build great CLIs. Easy to code. Based on Python type hints."
optional = false
python-versions = ">=3.7"
files = [
    {file = "typer-0.12.5-py3-none-any.whl", hash = "sha256:62fe4e471711b147e3365034133904df3e235698399bc4de2b36c8579298d52b"},
    {file = "typer-0.12.5.tar.gz", hash = "sha256:f592f089bedcc8ec1b974125d64851029c3b1af145f04aca64d69410f0c9b722"},
]

[package.dependencies]
click = ">=8.0.0"
rich = ">=10.11.0"
shellingham = ">=1.3.0"
typing-extensions = ">=3.7.4.3"

[[package]]
name = "typing-extensions"
version = "4.15.0"
description = "Backported and Experimental Type Hints for Python 3.9+"
optional = false
python-versions = ">=3.9"
files = [
    {file = "typing_extensions-4.15.0-py3-none-any.whl", hash = "sha256:f0fa19c6845758ab08074a0cfa8b7aecb71c999ca73d62883bc25cc018c4e548"},
    {file = "typing_extensions-4.15.0.tar.gz", hash = "sha256:0cea48d173cc12fa28ecabc3b837ea3cf6f38c6d1136f85cbaaf598984861466"},
]

[[package]]
name = "tzdata"
version = "2025.3"
description = "Provider of IANA time zone data"
optional = false
python-versions = ">=2"
files = [
    {file = "tzdata-2025.3-py2.py3-none-any.whl", hash = "sha256:06a47e5700f3081aab02b2e513160914ff0694bce9947d6b76ebd6bf57cfc5d1"},
    {file = "tzdata-2025.3.tar.gz", hash = "sha256:de39c2ca5dc7b0344f2eba86f49d614019d29f060fc4ebc8a417896a620b56a7"},
]

[[package]]
name = "wcwidth"
version = "0.5.3"
description = "Measures the displayed width of unicode strings in a terminal"
optional = false
python-versions = ">=3.8"
files = [
    {file = "wcwidth-0.5.3-py3-none-any.whl", hash = "sha256:d584eff31cd4753e1e5ff6c12e1edfdb324c995713f75d26c29807bb84bf649e"},
    {file = "wcwidth-0.5.3.tar.gz", hash = "sha256:53123b7af053c74e9fe2e92ac810301f6139e64379031f7124574212fb3b4091"},
]

[metadata]
lock-version = "2.0"
python-versions = "^3.11"
content-hash = "10d0598d2d80e74d92b1ce52da0fe006a27aa6e5f06a9b687e9297c368c114a3"
